
Microsoft Visual Studio Solution File, Format Version 12.00
# Visual Studio 2012
Project("{FAE04EC0-301F-11D3-BF4B-00C04F79EFBC}") = "Lesson33", "Lesson33\Lesson33.csproj", "{62577F5D-4E2F-4F8C-8E88-C30581322786}"
EndProject
Global
	GlobalSection(SolutionConfigurationPlatforms) = preSolution
		Debug|x86 = Debug|x86
		Release|x86 = Release|x86
	EndGlobalSection
	GlobalSection(ProjectConfigurationPlatforms) = postSolution
		{62577F5D-4E2F-4F8C-8E88-C30581322786}.Debug|x86.ActiveCfg = Debug|x86
		{62577F5D-4E2F-4F8C-8E88-C30581322786}.Debug|x86.Build.0 = Debug|x86
		{62577F5D-4E2F-4F8C-8E88-C30581322786}.Release|x86.ActiveCfg = Release|x86
		{62577F5D-4E2F-4F8C-8E88-C30581322786}.Release|x86.Build.0 = Release|x86
	EndGlobalSection
EndGlobal
