
Microsoft Visual Studio Solution File, Format Version 12.00
# Visual Studio 2012
Project("{FAE04EC0-301F-11D3-BF4B-00C04F79EFBC}") = "Lesson35", "Lesson35\Lesson35.csproj", "{8F9E92F1-6417-49BA-BBA1-2139DD6BCA17}"
EndProject
Global
	GlobalSection(SolutionConfigurationPlatforms) = preSolution
		Debug|x86 = Debug|x86
		Release|x86 = Release|x86
	EndGlobalSection
	GlobalSection(ProjectConfigurationPlatforms) = postSolution
		{8F9E92F1-6417-49BA-BBA1-2139DD6BCA17}.Debug|x86.ActiveCfg = Debug|x86
		{8F9E92F1-6417-49BA-BBA1-2139DD6BCA17}.Debug|x86.Build.0 = Debug|x86
		{8F9E92F1-6417-49BA-BBA1-2139DD6BCA17}.Release|x86.ActiveCfg = Release|x86
		{8F9E92F1-6417-49BA-BBA1-2139DD6BCA17}.Release|x86.Build.0 = Release|x86
	EndGlobalSection
EndGlobal
