
Microsoft Visual Studio Solution File, Format Version 12.00
# Visual Studio 2012
Project("{FAE04EC0-301F-11D3-BF4B-00C04F79EFBC}") = "Lesson38", "Lesson38\Lesson38.csproj", "{9AA22A02-423E-437F-859C-9E6F5C405417}"
EndProject
Global
	GlobalSection(SolutionConfigurationPlatforms) = preSolution
		Debug|x86 = Debug|x86
		Release|x86 = Release|x86
	EndGlobalSection
	GlobalSection(ProjectConfigurationPlatforms) = postSolution
		{9AA22A02-423E-437F-859C-9E6F5C405417}.Debug|x86.ActiveCfg = Debug|x86
		{9AA22A02-423E-437F-859C-9E6F5C405417}.Debug|x86.Build.0 = Debug|x86
		{9AA22A02-423E-437F-859C-9E6F5C405417}.Release|x86.ActiveCfg = Release|x86
		{9AA22A02-423E-437F-859C-9E6F5C405417}.Release|x86.Build.0 = Release|x86
	EndGlobalSection
EndGlobal
